
Microsoft Visual Studio Solution File, Format Version 12.00
# Visual Studio Version 17
VisualStudioVersion = 17.0.31903.59
MinimumVisualStudioVersion = 10.0.40219.1
Project("{9A19103F-16F7-4668-BE54-9A1E7A4F7556}") = "LathBotFront", "LathBotFront\LathBotFront.csproj", "{CD58F9D2-DC1E-41FC-818E-8C815FA222BD}"
EndProject
Project("{9A19103F-16F7-4668-BE54-9A1E7A4F7556}") = "LathBotBack", "LathBotBack\LathBotBack.csproj", "{E880B343-A587-423F-91CA-F33354727D83}"
EndProject
Project("{9A19103F-16F7-4668-BE54-9A1E7A4F7556}") = "WarnModule", "WarnModule\WarnModule.csproj", "{327AD00A-6EA6-43BF-A129-B8E06A6E13A1}"
EndProject
Project("{2150E333-8FDC-42A3-9474-1A3956D46DE8}") = "Solution Items", "Solution Items", "{2C4B84DD-D911-42D9-83AA-AC0C6C88D85B}"
	ProjectSection(SolutionItems) = preProject
		.editorconfig = .editorconfig
		Dockerfile = Dockerfile
	EndProjectSection
EndProject
Global
	GlobalSection(SolutionConfigurationPlatforms) = preSolution
		Debug|Any CPU = Debug|Any CPU
		Release|Any CPU = Release|Any CPU
	EndGlobalSection
	GlobalSection(ProjectConfigurationPlatforms) = postSolution
		{CD58F9D2-DC1E-41FC-818E-8C815FA222BD}.Debug|Any CPU.ActiveCfg = Debug|Any CPU
		{CD58F9D2-DC1E-41FC-818E-8C815FA222BD}.Debug|Any CPU.Build.0 = Debug|Any CPU
		{CD58F9D2-DC1E-41FC-818E-8C815FA222BD}.Release|Any CPU.ActiveCfg = Release|Any CPU
		{CD58F9D2-DC1E-41FC-818E-8C815FA222BD}.Release|Any CPU.Build.0 = Release|Any CPU
		{E880B343-A587-423F-91CA-F33354727D83}.Debug|Any CPU.ActiveCfg = Debug|Any CPU
		{E880B343-A587-423F-91CA-F33354727D83}.Debug|Any CPU.Build.0 = Debug|Any CPU
		{E880B343-A587-423F-91CA-F33354727D83}.Release|Any CPU.ActiveCfg = Release|Any CPU
		{E880B343-A587-423F-91CA-F33354727D83}.Release|Any CPU.Build.0 = Release|Any CPU
		{327AD00A-6EA6-43BF-A129-B8E06A6E13A1}.Debug|Any CPU.ActiveCfg = Debug|Any CPU
		{327AD00A-6EA6-43BF-A129-B8E06A6E13A1}.Debug|Any CPU.Build.0 = Debug|Any CPU
		{327AD00A-6EA6-43BF-A129-B8E06A6E13A1}.Release|Any CPU.ActiveCfg = Release|Any CPU
		{327AD00A-6EA6-43BF-A129-B8E06A6E13A1}.Release|Any CPU.Build.0 = Release|Any CPU
	EndGlobalSection
	GlobalSection(SolutionProperties) = preSolution
		HideSolutionNode = FALSE
	EndGlobalSection
	GlobalSection(ExtensibilityGlobals) = postSolution
		SolutionGuid = {DBC9DD70-CFB1-40C6-8623-70DBE315BC30}
	EndGlobalSection
EndGlobal
